// !$*UTF8*$!
{
	archiveVersion = 1;
	classes = {
	};
	objectVersion = 56;
	objects = {

/* Begin PBXBuildFile section */
		2D4DA05D2CA2AA5500900EDC /* MAJailBreakCheck.docc in Sources */ = {isa = PBXBuildFile; fileRef = 2D4DA05C2CA2AA5500900EDC /* MAJailBreakCheck.docc */; };
		2D4DA05E2CA2AA5500900EDC /* MAJailBreakCheck.h in Headers */ = {isa = PBXBuildFile; fileRef = 2D4DA05B2CA2AA5500900EDC /* MAJailBreakCheck.h */; settings = {ATTRIBUTES = (Public, ); }; };
		2D4DA0692CA2AAEE00900EDC /* FilePathToCheck.swift in Sources */ = {isa = PBXBuildFile; fileRef = 2D4DA0652CA2AAEE00900EDC /* FilePathToCheck.swift */; };
		2D4DA06A2CA2AAEE00900EDC /* TypesOfJailBreakCheckAPI.swift in Sources */ = {isa = PBXBuildFile; fileRef = 2D4DA0662CA2AAEE00900EDC /* TypesOfJailBreakCheckAPI.swift */; };
		2D4DA06B2CA2AAEE00900EDC /* DetectJailBreakDevice.swift in Sources */ = {isa = PBXBuildFile; fileRef = 2D4DA0672CA2AAEE00900EDC /* DetectJailBreakDevice.swift */; };
		2D4DA06C2CA2AAEE00900EDC /* FridaDetection.swift in Sources */ = {isa = PBXBuildFile; fileRef = 2D4DA0682CA2AAEE00900EDC /* FridaDetection.swift */; };
		2D4DA06E2CA2AB2E00900EDC /* MAJailBreakCheck.swift in Sources */ = {isa = PBXBuildFile; fileRef = 2D4DA06D2CA2AB2E00900EDC /* MAJailBreakCheck.swift */; };
		2DF4DCEC2E9908400017B55A /* Package.swift in Sources */ = {isa = PBXBuildFile; fileRef = 2DF4DCEB2E99083B0017B55A /* Package.swift */; };
/* End PBXBuildFile section */

/* Begin PBXFileReference section */
		2D4DA0582CA2AA5500900EDC /* MAJailBreakCheck.framework */ = {isa = PBXFileReference; explicitFileType = wrapper.framework; includeInIndex = 0; path = MAJailBreakCheck.framework; sourceTree = BUILT_PRODUCTS_DIR; };
		2D4DA05B2CA2AA5500900EDC /* MAJailBreakCheck.h */ = {isa = PBXFileReference; lastKnownFileType = sourcecode.c.h; path = MAJailBreakCheck.h; sourceTree = "<group>"; };
		2D4DA05C2CA2AA5500900EDC /* MAJailBreakCheck.docc */ = {isa = PBXFileReference; lastKnownFileType = folder.documentationcatalog; path = MAJailBreakCheck.docc; sourceTree = "<group>"; };
		2D4DA0652CA2AAEE00900EDC /* FilePathToCheck.swift */ = {isa = PBXFileReference; fileEncoding = 4; lastKnownFileType = sourcecode.swift; path = FilePathToCheck.swift; sourceTree = "<group>"; };
		2D4DA0662CA2AAEE00900EDC /* TypesOfJailBreakCheckAPI.swift */ = {isa = PBXFileReference; fileEncoding = 4; lastKnownFileType = sourcecode.swift; path = TypesOfJailBreakCheckAPI.swift; sourceTree = "<group>"; };
		2D4DA0672CA2AAEE00900EDC /* DetectJailBreakDevice.swift */ = {isa = PBXFileReference; fileEncoding = 4; lastKnownFileType = sourcecode.swift; path = DetectJailBreakDevice.swift; sourceTree = "<group>"; };
		2D4DA0682CA2AAEE00900EDC /* FridaDetection.swift */ = {isa = PBXFileReference; fileEncoding = 4; lastKnownFileType = sourcecode.swift; path = FridaDetection.swift; sourceTree = "<group>"; };
		2D4DA06D2CA2AB2E00900EDC /* MAJailBreakCheck.swift */ = {isa = PBXFileReference; lastKnownFileType = sourcecode.swift; path = MAJailBreakCheck.swift; sourceTree = "<group>"; };
		2DF4DCEB2E99083B0017B55A /* Package.swift */ = {isa = PBXFileReference; lastKnownFileType = sourcecode.swift; path = Package.swift; sourceTree = "<group>"; };
/* End PBXFileReference section */

/* Begin PBXFrameworksBuildPhase section */
		2D4DA0552CA2AA5500900EDC /* Frameworks */ = {
			isa = PBXFrameworksBuildPhase;
			buildActionMask = 2147483647;
			files = (
			);
			runOnlyForDeploymentPostprocessing = 0;
		};
/* End PBXFrameworksBuildPhase section */

/* Begin PBXGroup section */
		2D4DA04E2CA2AA5500900EDC = {
			isa = PBXGroup;
			children = (
				2D4DA05A2CA2AA5500900EDC /* Sources */,
				2D4DA0592CA2AA5500900EDC /* Products */,
				2DF4DCEB2E99083B0017B55A /* Package.swift */,
			);
			sourceTree = "<group>";
		};
		2D4DA0592CA2AA5500900EDC /* Products */ = {
			isa = PBXGroup;
			children = (
				2D4DA0582CA2AA5500900EDC /* MAJailBreakCheck.framework */,
			);
			name = Products;
			sourceTree = "<group>";
		};
		2D4DA05A2CA2AA5500900EDC /* Sources */ = {
			isa = PBXGroup;
			children = (
				2D4DA0642CA2AAC200900EDC /* MAJailBreakCheck */,
				2D4DA05B2CA2AA5500900EDC /* MAJailBreakCheck.h */,
				2D4DA05C2CA2AA5500900EDC /* MAJailBreakCheck.docc */,
			);
			path = Sources;
			sourceTree = "<group>";
		};
		2D4DA0642CA2AAC200900EDC /* MAJailBreakCheck */ = {
			isa = PBXGroup;
			children = (
				2D4DA06D2CA2AB2E00900EDC /* MAJailBreakCheck.swift */,
				2D4DA0672CA2AAEE00900EDC /* DetectJailBreakDevice.swift */,
				2D4DA0652CA2AAEE00900EDC /* FilePathToCheck.swift */,
				2D4DA0682CA2AAEE00900EDC /* FridaDetection.swift */,
				2D4DA0662CA2AAEE00900EDC /* TypesOfJailBreakCheckAPI.swift */,
			);
			path = MAJailBreakCheck;
			sourceTree = "<group>";
		};
/* End PBXGroup section */

/* Begin PBXHeadersBuildPhase section */
		2D4DA0532CA2AA5500900EDC /* Headers */ = {
			isa = PBXHeadersBuildPhase;
			buildActionMask = 2147483647;
			files = (
				2D4DA05E2CA2AA5500900EDC /* MAJailBreakCheck.h in Headers */,
			);
			runOnlyForDeploymentPostprocessing = 0;
		};
/* End PBXHeadersBuildPhase section */

/* Begin PBXNativeTarget section */
		2D4DA0572CA2AA5500900EDC /* MAJailBreakCheck */ = {
			isa = PBXNativeTarget;
			buildConfigurationList = 2D4DA0612CA2AA5500900EDC /* Build configuration list for PBXNativeTarget "MAJailBreakCheck" */;
			buildPhases = (
				2D4DA0532CA2AA5500900EDC /* Headers */,
				2D4DA0542CA2AA5500900EDC /* Sources */,
				2D4DA0552CA2AA5500900EDC /* Frameworks */,
				2D4DA0562CA2AA5500900EDC /* Resources */,
			);
			buildRules = (
			);
			dependencies = (
			);
			name = MAJailBreakCheck;
			productName = MAJailBreakCheck;
			productReference = 2D4DA0582CA2AA5500900EDC /* MAJailBreakCheck.framework */;
			productType = "com.apple.product-type.framework";
		};
/* End PBXNativeTarget section */

/* Begin PBXProject section */
		2D4DA04F2CA2AA5500900EDC /* Project object */ = {
			isa = PBXProject;
			attributes = {
				BuildIndependentTargetsInParallel = 1;
				LastUpgradeCheck = 1540;
				TargetAttributes = {
					2D4DA0572CA2AA5500900EDC = {
						CreatedOnToolsVersion = 15.4;
					};
				};
			};
			buildConfigurationList = 2D4DA0522CA2AA5500900EDC /* Build configuration list for PBXProject "MAJailBreakCheck" */;
			compatibilityVersion = "Xcode 14.0";
			developmentRegion = en;
			hasScannedForEncodings = 0;
			knownRegions = (
				en,
				Base,
			);
			mainGroup = 2D4DA04E2CA2AA5500900EDC;
			productRefGroup = 2D4DA0592CA2AA5500900EDC /* Products */;
			projectDirPath = "";
			projectRoot = "";
			targets = (
				2D4DA0572CA2AA5500900EDC /* MAJailBreakCheck */,
			);
		};
/* End PBXProject section */

/* Begin PBXResourcesBuildPhase section */
		2D4DA0562CA2AA5500900EDC /* Resources */ = {
			isa = PBXResourcesBuildPhase;
			buildActionMask = 2147483647;
			files = (
			);
			runOnlyForDeploymentPostprocessing = 0;
		};
/* End PBXResourcesBuildPhase section */

/* Begin PBXSourcesBuildPhase section */
		2D4DA0542CA2AA5500900EDC /* Sources */ = {
			isa = PBXSourcesBuildPhase;
			buildActionMask = 2147483647;
			files = (
				2D4DA06B2CA2AAEE00900EDC /* DetectJailBreakDevice.swift in Sources */,
				2D4DA0692CA2AAEE00900EDC /* FilePathToCheck.swift in Sources */,
				2D4DA06E2CA2AB2E00900EDC /* MAJailBreakCheck.swift in Sources */,
				2DF4DCEC2E9908400017B55A /* Package.swift in Sources */,
				2D4DA06A2CA2AAEE00900EDC /* TypesOfJailBreakCheckAPI.swift in Sources */,
				2D4DA05D2CA2AA5500900EDC /* MAJailBreakCheck.docc in Sources */,
				2D4DA06C2CA2AAEE00900EDC /* FridaDetection.swift in Sources */,
			);
			runOnlyForDeploymentPostprocessing = 0;
		};
/* End PBXSourcesBuildPhase section */

/* Begin XCBuildConfiguration section */
		2D4DA05F2CA2AA5500900EDC /* Debug */ = {
			isa = XCBuildConfiguration;
			buildSettings = {
				ALWAYS_SEARCH_USER_PATHS = NO;
				ASSETCATALOG_COMPILER_GENERATE_SWIFT_ASSET_SYMBOL_EXTENSIONS = YES;
				CLANG_ANALYZER_NONNULL = YES;
				CLANG_ANALYZER_NUMBER_OBJECT_CONVERSION = YES_AGGRESSIVE;
				CLANG_CXX_LANGUAGE_STANDARD = "gnu++20";
				CLANG_ENABLE_MODULES = YES;
				CLANG_ENABLE_OBJC_ARC = YES;
				CLANG_ENABLE_OBJC_WEAK = YES;
				CLANG_WARN_BLOCK_CAPTURE_AUTORELEASING = YES;
				CLANG_WARN_BOOL_CONVERSION = YES;
				CLANG_WARN_COMMA = YES;
				CLANG_WARN_CONSTANT_CONVERSION = YES;
				CLANG_WARN_DEPRECATED_OBJC_IMPLEMENTATIONS = YES;
				CLANG_WARN_DIRECT_OBJC_ISA_USAGE = YES_ERROR;
				CLANG_WARN_DOCUMENTATION_COMMENTS = YES;
				CLANG_WARN_EMPTY_BODY = YES;
				CLANG_WARN_ENUM_CONVERSION = YES;
				CLANG_WARN_INFINITE_RECURSION = YES;
				CLANG_WARN_INT_CONVERSION = YES;
				CLANG_WARN_NON_LITERAL_NULL_CONVERSION = YES;
				CLANG_WARN_OBJC_IMPLICIT_RETAIN_SELF = YES;
				CLANG_WARN_OBJC_LITERAL_CONVERSION = YES;
				CLANG_WARN_OBJC_ROOT_CLASS = YES_ERROR;
				CLANG_WARN_QUOTED_INCLUDE_IN_FRAMEWORK_HEADER = YES;
				CLANG_WARN_RANGE_LOOP_ANALYSIS = YES;
				CLANG_WARN_STRICT_PROTOTYPES = YES;
				CLANG_WARN_SUSPICIOUS_MOVE = YES;
				CLANG_WARN_UNGUARDED_AVAILABILITY = YES_AGGRESSIVE;
				CLANG_WARN_UNREACHABLE_CODE = YES;
				CLANG_WARN__DUPLICATE_METHOD_MATCH = YES;
				COPY_PHASE_STRIP = NO;
				CURRENT_PROJECT_VERSION = 1;
				DEBUG_INFORMATION_FORMAT = dwarf;
				ENABLE_STRICT_OBJC_MSGSEND = YES;
				ENABLE_TESTABILITY = YES;
				ENABLE_USER_SCRIPT_SANDBOXING = YES;
				GCC_C_LANGUAGE_STANDARD = gnu17;
				GCC_DYNAMIC_NO_PIC = NO;
				GCC_NO_COMMON_BLOCKS = YES;
				GCC_OPTIMIZATION_LEVEL = 0;
				GCC_PREPROCESSOR_DEFINITIONS = (
					"DEBUG=1",
					"$(inherited)",
				);
				GCC_WARN_64_TO_32_BIT_CONVERSION = YES;
				GCC_WARN_ABOUT_RETURN_TYPE = YES_ERROR;
				GCC_WARN_UNDECLARED_SELECTOR = YES;
				GCC_WARN_UNINITIALIZED_AUTOS = YES_AGGRESSIVE;
				GCC_WARN_UNUSED_FUNCTION = YES;
				GCC_WARN_UNUSED_VARIABLE = YES;
				IPHONEOS_DEPLOYMENT_TARGET = 17.5;
				LOCALIZATION_PREFERS_STRING_CATALOGS = YES;
				MTL_ENABLE_DEBUG_INFO = INCLUDE_SOURCE;
				MTL_FAST_MATH = YES;
				ONLY_ACTIVE_ARCH = YES;
				SDKROOT = iphoneos;
				SWIFT_ACTIVE_COMPILATION_CONDITIONS = "DEBUG $(inherited)";
				SWIFT_OPTIMIZATION_LEVEL = "-Onone";
				VERSIONING_SYSTEM = "apple-generic";
				VERSION_INFO_PREFIX = "";
			};
			name = Debug;
		};
		2D4DA0602CA2AA5500900EDC /* Release */ = {
			isa = XCBuildConfiguration;
			buildSettings = {
				ALWAYS_SEARCH_USER_PATHS = NO;
				ASSETCATALOG_COMPILER_GENERATE_SWIFT_ASSET_SYMBOL_EXTENSIONS = YES;
				CLANG_ANALYZER_NONNULL = YES;
				CLANG_ANALYZER_NUMBER_OBJECT_CONVERSION = YES_AGGRESSIVE;
				CLANG_CXX_LANGUAGE_STANDARD = "gnu++20";
				CLANG_ENABLE_MODULES = YES;
				CLANG_ENABLE_OBJC_ARC = YES;
				CLANG_ENABLE_OBJC_WEAK = YES;
				CLANG_WARN_BLOCK_CAPTURE_AUTORELEASING = YES;
				CLANG_WARN_BOOL_CONVERSION = YES;
				CLANG_WARN_COMMA = YES;
				CLANG_WARN_CONSTANT_CONVERSION = YES;
				CLANG_WARN_DEPRECATED_OBJC_IMPLEMENTATIONS = YES;
				CLANG_WARN_DIRECT_OBJC_ISA_USAGE = YES_ERROR;
				CLANG_WARN_DOCUMENTATION_COMMENTS = YES;
				CLANG_WARN_EMPTY_BODY = YES;
				CLANG_WARN_ENUM_CONVERSION = YES;
				CLANG_WARN_INFINITE_RECURSION = YES;
				CLANG_WARN_INT_CONVERSION = YES;
				CLANG_WARN_NON_LITERAL_NULL_CONVERSION = YES;
				CLANG_WARN_OBJC_IMPLICIT_RETAIN_SELF = YES;
				CLANG_WARN_OBJC_LITERAL_CONVERSION = YES;
				CLANG_WARN_OBJC_ROOT_CLASS = YES_ERROR;
				CLANG_WARN_QUOTED_INCLUDE_IN_FRAMEWORK_HEADER = YES;
				CLANG_WARN_RANGE_LOOP_ANALYSIS = YES;
				CLANG_WARN_STRICT_PROTOTYPES = YES;
				CLANG_WARN_SUSPICIOUS_MOVE = YES;
				CLANG_WARN_UNGUARDED_AVAILABILITY = YES_AGGRESSIVE;
				CLANG_WARN_UNREACHABLE_CODE = YES;
				CLANG_WARN__DUPLICATE_METHOD_MATCH = YES;
				COPY_PHASE_STRIP = NO;
				CURRENT_PROJECT_VERSION = 1;
				DEBUG_INFORMATION_FORMAT = "dwarf-with-dsym";
				ENABLE_NS_ASSERTIONS = NO;
				ENABLE_STRICT_OBJC_MSGSEND = YES;
				ENABLE_USER_SCRIPT_SANDBOXING = YES;
				GCC_C_LANGUAGE_STANDARD = gnu17;
				GCC_NO_COMMON_BLOCKS = YES;
				GCC_WARN_64_TO_32_BIT_CONVERSION = YES;
				GCC_WARN_ABOUT_RETURN_TYPE = YES_ERROR;
				GCC_WARN_UNDECLARED_SELECTOR = YES;
				GCC_WARN_UNINITIALIZED_AUTOS = YES_AGGRESSIVE;
				GCC_WARN_UNUSED_FUNCTION = YES;
				GCC_WARN_UNUSED_VARIABLE = YES;
				IPHONEOS_DEPLOYMENT_TARGET = 17.5;
				LOCALIZATION_PREFERS_STRING_CATALOGS = YES;
				MTL_ENABLE_DEBUG_INFO = NO;
				MTL_FAST_MATH = YES;
				SDKROOT = iphoneos;
				SWIFT_COMPILATION_MODE = wholemodule;
				VALIDATE_PRODUCT = YES;
				VERSIONING_SYSTEM = "apple-generic";
				VERSION_INFO_PREFIX = "";
			};
			name = Release;
		};
		2D4DA0622CA2AA5500900EDC /* Debug */ = {
			isa = XCBuildConfiguration;
			buildSettings = {
				BUILD_LIBRARY_FOR_DISTRIBUTION = YES;
				CODE_SIGN_STYLE = Automatic;
				CURRENT_PROJECT_VERSION = 1;
				DEFINES_MODULE = YES;
				DEVELOPMENT_TEAM = 3PM6BBV4N5;
				DYLIB_COMPATIBILITY_VERSION = 1;
				DYLIB_CURRENT_VERSION = 1;
				DYLIB_INSTALL_NAME_BASE = "@rpath";
				ENABLE_MODULE_VERIFIER = YES;
				GENERATE_INFOPLIST_FILE = YES;
				INFOPLIST_KEY_NSHumanReadableCopyright = "";
				INSTALL_PATH = "$(LOCAL_LIBRARY_DIR)/Frameworks";
				IPHONEOS_DEPLOYMENT_TARGET = 14;
				LD_RUNPATH_SEARCH_PATHS = (
					"$(inherited)",
					"@executable_path/Frameworks",
					"@loader_path/Frameworks",
				);
				MARKETING_VERSION = 1.0;
				MODULE_VERIFIER_SUPPORTED_LANGUAGES = "objective-c objective-c++";
				MODULE_VERIFIER_SUPPORTED_LANGUAGE_STANDARDS = "gnu17 gnu++20";
				PRODUCT_BUNDLE_IDENTIFIER = com.mariapps.MAJailBreakCheck;
				PRODUCT_NAME = "$(TARGET_NAME:c99extidentifier)";
				SKIP_INSTALL = YES;
				SWIFT_EMIT_LOC_STRINGS = YES;
				SWIFT_INSTALL_OBJC_HEADER = NO;
				SWIFT_VERSION = 5.0;
				TARGETED_DEVICE_FAMILY = "1,2";
			};
			name = Debug;
		};
		2D4DA0632CA2AA5500900EDC /* Release */ = {
			isa = XCBuildConfiguration;
			buildSettings = {
				BUILD_LIBRARY_FOR_DISTRIBUTION = YES;
				CODE_SIGN_STYLE = Automatic;
				CURRENT_PROJECT_VERSION = 1;
				DEFINES_MODULE = YES;
				DEVELOPMENT_TEAM = 3PM6BBV4N5;
				DYLIB_COMPATIBILITY_VERSION = 1;
				DYLIB_CURRENT_VERSION = 1;
				DYLIB_INSTALL_NAME_BASE = "@rpath";
				ENABLE_MODULE_VERIFIER = YES;
				GENERATE_INFOPLIST_FILE = YES;
				INFOPLIST_KEY_NSHumanReadableCopyright = "";
				INSTALL_PATH = "$(LOCAL_LIBRARY_DIR)/Frameworks";
				IPHONEOS_DEPLOYMENT_TARGET = 14;
				LD_RUNPATH_SEARCH_PATHS = (
					"$(inherited)",
					"@executable_path/Frameworks",
					"@loader_path/Frameworks",
				);
				MARKETING_VERSION = 1.0;
				MODULE_VERIFIER_SUPPORTED_LANGUAGES = "objective-c objective-c++";
				MODULE_VERIFIER_SUPPORTED_LANGUAGE_STANDARDS = "gnu17 gnu++20";
				PRODUCT_BUNDLE_IDENTIFIER = com.mariapps.MAJailBreakCheck;
				PRODUCT_NAME = "$(TARGET_NAME:c99extidentifier)";
				SKIP_INSTALL = YES;
				SWIFT_EMIT_LOC_STRINGS = YES;
				SWIFT_INSTALL_OBJC_HEADER = NO;
				SWIFT_VERSION = 5.0;
				TARGETED_DEVICE_FAMILY = "1,2";
			};
			name = Release;
		};
/* End XCBuildConfiguration section */

/* Begin XCConfigurationList section */
		2D4DA0522CA2AA5500900EDC /* Build configuration list for PBXProject "MAJailBreakCheck" */ = {
			isa = XCConfigurationList;
			buildConfigurations = (
				2D4DA05F2CA2AA5500900EDC /* Debug */,
				2D4DA0602CA2AA5500900EDC /* Release */,
			);
			defaultConfigurationIsVisible = 0;
			defaultConfigurationName = Release;
		};
		2D4DA0612CA2AA5500900EDC /* Build configuration list for PBXNativeTarget "MAJailBreakCheck" */ = {
			isa = XCConfigurationList;
			buildConfigurations = (
				2D4DA0622CA2AA5500900EDC /* Debug */,
				2D4DA0632CA2AA5500900EDC /* Release */,
			);
			defaultConfigurationIsVisible = 0;
			defaultConfigurationName = Release;
		};
/* End XCConfigurationList section */
	};
	rootObject = 2D4DA04F2CA2AA5500900EDC /* Project object */;
}
